
Microsoft Visual Studio Solution File, Format Version 12.00
# Visual Studio 15
VisualStudioVersion = 15.0.27703.2000
MinimumVisualStudioVersion = 10.0.40219.1
Project("{FAE04EC0-301F-11D3-BF4B-00C04F79EFBC}") = "ParqueaderoMobile.Android", "ParqueaderoMobile\ParqueaderoMobile.Android\ParqueaderoMobile.Android.csproj", "{7323DDA1-16D0-4615-A9E8-1CAA4DE99C35}"
EndProject
Project("{FAE04EC0-301F-11D3-BF4B-00C04F79EFBC}") = "ParqueaderoMobile.iOS", "ParqueaderoMobile\ParqueaderoMobile.iOS\ParqueaderoMobile.iOS.csproj", "{F1F1D769-C9B6-4BA6-ACE5-0DB7F3B19714}"
EndProject
Project("{9A19103F-16F7-4668-BE54-9A1E7A4F7556}") = "ParqueaderoMobile", "ParqueaderoMobile\ParqueaderoMobile\ParqueaderoMobile.csproj", "{414FE0D5-2FB0-4DD3-B211-AC5480245C63}"
EndProject
Project("{2150E333-8FDC-42A3-9474-1A3956D46DE8}") = "App", "App", "{4B458F01-7A32-4A2A-B932-8AA0796DC282}"
EndProject
Project("{2150E333-8FDC-42A3-9474-1A3956D46DE8}") = "Tests", "Tests", "{A37E1960-0C26-4A0A-89DD-ED3A35EEBBFA}"
EndProject
Project("{9A19103F-16F7-4668-BE54-9A1E7A4F7556}") = "ServiceAccessLayer", "ParqueaderoMobile\ServiceAccessLayer\ServiceAccessLayer.csproj", "{A8D0BF76-4FC0-4D4F-AA8B-4782D23A2690}"
EndProject
Project("{9A19103F-16F7-4668-BE54-9A1E7A4F7556}") = "Models", "ParqueaderoMobile\Models\Models.csproj", "{FAA9A0D1-5422-48FA-980C-8C925BB7B4DB}"
EndProject
Project("{9A19103F-16F7-4668-BE54-9A1E7A4F7556}") = "UserInterfaceLayer", "ParqueaderoMobile\UserInterfaceLayer\UserInterfaceLayer.csproj", "{93551311-F223-4D10-9475-4A89F69C1124}"
EndProject
Project("{9A19103F-16F7-4668-BE54-9A1E7A4F7556}") = "BusinessLayer", "ParqueaderoMobile\BusinessLayer\BusinessLayer.csproj", "{82120B1A-82B4-4CE1-B894-27CDBBBA96FF}"
EndProject
Project("{FAE04EC0-301F-11D3-BF4B-00C04F79EFBC}") = "Test.UITest", "ParqueaderoMobile\Tests\Test.UITest\Test.UITest.csproj", "{60BBFFA2-C002-4C78-A105-76D0E8A5ECA5}"
EndProject
Global
	GlobalSection(SolutionConfigurationPlatforms) = preSolution
		Ad-Hoc|Any CPU = Ad-Hoc|Any CPU
		Ad-Hoc|iPhone = Ad-Hoc|iPhone
		Ad-Hoc|iPhoneSimulator = Ad-Hoc|iPhoneSimulator
		AppStore|Any CPU = AppStore|Any CPU
		AppStore|iPhone = AppStore|iPhone
		AppStore|iPhoneSimulator = AppStore|iPhoneSimulator
		Debug|Any CPU = Debug|Any CPU
		Debug|iPhone = Debug|iPhone
		Debug|iPhoneSimulator = Debug|iPhoneSimulator
		Release|Any CPU = Release|Any CPU
		Release|iPhone = Release|iPhone
		Release|iPhoneSimulator = Release|iPhoneSimulator
	EndGlobalSection
	GlobalSection(ProjectConfigurationPlatforms) = postSolution
		{7323DDA1-16D0-4615-A9E8-1CAA4DE99C35}.Ad-Hoc|Any CPU.ActiveCfg = Release|Any CPU
		{7323DDA1-16D0-4615-A9E8-1CAA4DE99C35}.Ad-Hoc|Any CPU.Build.0 = Release|Any CPU
		{7323DDA1-16D0-4615-A9E8-1CAA4DE99C35}.Ad-Hoc|Any CPU.Deploy.0 = Release|Any CPU
		{7323DDA1-16D0-4615-A9E8-1CAA4DE99C35}.Ad-Hoc|iPhone.ActiveCfg = Release|Any CPU
		{7323DDA1-16D0-4615-A9E8-1CAA4DE99C35}.Ad-Hoc|iPhone.Build.0 = Release|Any CPU
		{7323DDA1-16D0-4615-A9E8-1CAA4DE99C35}.Ad-Hoc|iPhone.Deploy.0 = Release|Any CPU
		{7323DDA1-16D0-4615-A9E8-1CAA4DE99C35}.Ad-Hoc|iPhoneSimulator.ActiveCfg = Release|Any CPU
		{7323DDA1-16D0-4615-A9E8-1CAA4DE99C35}.Ad-Hoc|iPhoneSimulator.Build.0 = Release|Any CPU
		{7323DDA1-16D0-4615-A9E8-1CAA4DE99C35}.Ad-Hoc|iPhoneSimulator.Deploy.0 = Release|Any CPU
		{7323DDA1-16D0-4615-A9E8-1CAA4DE99C35}.AppStore|Any CPU.ActiveCfg = Release|Any CPU
		{7323DDA1-16D0-4615-A9E8-1CAA4DE99C35}.AppStore|Any CPU.Build.0 = Release|Any CPU
		{7323DDA1-16D0-4615-A9E8-1CAA4DE99C35}.AppStore|Any CPU.Deploy.0 = Release|Any CPU
		{7323DDA1-16D0-4615-A9E8-1CAA4DE99C35}.AppStore|iPhone.ActiveCfg = Release|Any CPU
		{7323DDA1-16D0-4615-A9E8-1CAA4DE99C35}.AppStore|iPhone.Build.0 = Release|Any CPU
		{7323DDA1-16D0-4615-A9E8-1CAA4DE99C35}.AppStore|iPhone.Deploy.0 = Release|Any CPU
		{7323DDA1-16D0-4615-A9E8-1CAA4DE99C35}.AppStore|iPhoneSimulator.ActiveCfg = Release|Any CPU
		{7323DDA1-16D0-4615-A9E8-1CAA4DE99C35}.AppStore|iPhoneSimulator.Build.0 = Release|Any CPU
		{7323DDA1-16D0-4615-A9E8-1CAA4DE99C35}.AppStore|iPhoneSimulator.Deploy.0 = Release|Any CPU
		{7323DDA1-16D0-4615-A9E8-1CAA4DE99C35}.Debug|Any CPU.ActiveCfg = Debug|Any CPU
		{7323DDA1-16D0-4615-A9E8-1CAA4DE99C35}.Debug|Any CPU.Build.0 = Debug|Any CPU
		{7323DDA1-16D0-4615-A9E8-1CAA4DE99C35}.Debug|Any CPU.Deploy.0 = Debug|Any CPU
		{7323DDA1-16D0-4615-A9E8-1CAA4DE99C35}.Debug|iPhone.ActiveCfg = Debug|Any CPU
		{7323DDA1-16D0-4615-A9E8-1CAA4DE99C35}.Debug|iPhone.Build.0 = Debug|Any CPU
		{7323DDA1-16D0-4615-A9E8-1CAA4DE99C35}.Debug|iPhone.Deploy.0 = Debug|Any CPU
		{7323DDA1-16D0-4615-A9E8-1CAA4DE99C35}.Debug|iPhoneSimulator.ActiveCfg = Debug|Any CPU
		{7323DDA1-16D0-4615-A9E8-1CAA4DE99C35}.Debug|iPhoneSimulator.Build.0 = Debug|Any CPU
		{7323DDA1-16D0-4615-A9E8-1CAA4DE99C35}.Debug|iPhoneSimulator.Deploy.0 = Debug|Any CPU
		{7323DDA1-16D0-4615-A9E8-1CAA4DE99C35}.Release|Any CPU.ActiveCfg = Release|Any CPU
		{7323DDA1-16D0-4615-A9E8-1CAA4DE99C35}.Release|Any CPU.Build.0 = Release|Any CPU
		{7323DDA1-16D0-4615-A9E8-1CAA4DE99C35}.Release|Any CPU.Deploy.0 = Release|Any CPU
		{7323DDA1-16D0-4615-A9E8-1CAA4DE99C35}.Release|iPhone.ActiveCfg = Release|Any CPU
		{7323DDA1-16D0-4615-A9E8-1CAA4DE99C35}.Release|iPhone.Build.0 = Release|Any CPU
		{7323DDA1-16D0-4615-A9E8-1CAA4DE99C35}.Release|iPhone.Deploy.0 = Release|Any CPU
		{7323DDA1-16D0-4615-A9E8-1CAA4DE99C35}.Release|iPhoneSimulator.ActiveCfg = Release|Any CPU
		{7323DDA1-16D0-4615-A9E8-1CAA4DE99C35}.Release|iPhoneSimulator.Build.0 = Release|Any CPU
		{7323DDA1-16D0-4615-A9E8-1CAA4DE99C35}.Release|iPhoneSimulator.Deploy.0 = Release|Any CPU
		{F1F1D769-C9B6-4BA6-ACE5-0DB7F3B19714}.Ad-Hoc|Any CPU.ActiveCfg = Ad-Hoc|iPhone
		{F1F1D769-C9B6-4BA6-ACE5-0DB7F3B19714}.Ad-Hoc|Any CPU.Build.0 = Ad-Hoc|iPhone
		{F1F1D769-C9B6-4BA6-ACE5-0DB7F3B19714}.Ad-Hoc|Any CPU.Deploy.0 = Ad-Hoc|iPhone
		{F1F1D769-C9B6-4BA6-ACE5-0DB7F3B19714}.Ad-Hoc|iPhone.ActiveCfg = Ad-Hoc|iPhone
		{F1F1D769-C9B6-4BA6-ACE5-0DB7F3B19714}.Ad-Hoc|iPhone.Build.0 = Ad-Hoc|iPhone
		{F1F1D769-C9B6-4BA6-ACE5-0DB7F3B19714}.Ad-Hoc|iPhone.Deploy.0 = Ad-Hoc|iPhone
		{F1F1D769-C9B6-4BA6-ACE5-0DB7F3B19714}.Ad-Hoc|iPhoneSimulator.ActiveCfg = Ad-Hoc|iPhoneSimulator
		{F1F1D769-C9B6-4BA6-ACE5-0DB7F3B19714}.Ad-Hoc|iPhoneSimulator.Build.0 = Ad-Hoc|iPhoneSimulator
		{F1F1D769-C9B6-4BA6-ACE5-0DB7F3B19714}.Ad-Hoc|iPhoneSimulator.Deploy.0 = Ad-Hoc|iPhoneSimulator
		{F1F1D769-C9B6-4BA6-ACE5-0DB7F3B19714}.AppStore|Any CPU.ActiveCfg = AppStore|iPhone
		{F1F1D769-C9B6-4BA6-ACE5-0DB7F3B19714}.AppStore|Any CPU.Build.0 = AppStore|iPhone
		{F1F1D769-C9B6-4BA6-ACE5-0DB7F3B19714}.AppStore|Any CPU.Deploy.0 = AppStore|iPhone
		{F1F1D769-C9B6-4BA6-ACE5-0DB7F3B19714}.AppStore|iPhone.ActiveCfg = AppStore|iPhone
		{F1F1D769-C9B6-4BA6-ACE5-0DB7F3B19714}.AppStore|iPhone.Build.0 = AppStore|iPhone
		{F1F1D769-C9B6-4BA6-ACE5-0DB7F3B19714}.AppStore|iPhone.Deploy.0 = AppStore|iPhone
		{F1F1D769-C9B6-4BA6-ACE5-0DB7F3B19714}.AppStore|iPhoneSimulator.ActiveCfg = AppStore|iPhoneSimulator
		{F1F1D769-C9B6-4BA6-ACE5-0DB7F3B19714}.AppStore|iPhoneSimulator.Build.0 = AppStore|iPhoneSimulator
		{F1F1D769-C9B6-4BA6-ACE5-0DB7F3B19714}.AppStore|iPhoneSimulator.Deploy.0 = AppStore|iPhoneSimulator
		{F1F1D769-C9B6-4BA6-ACE5-0DB7F3B19714}.Debug|Any CPU.ActiveCfg = Debug|iPhoneSimulator
		{F1F1D769-C9B6-4BA6-ACE5-0DB7F3B19714}.Debug|Any CPU.Deploy.0 = Debug|iPhoneSimulator
		{F1F1D769-C9B6-4BA6-ACE5-0DB7F3B19714}.Debug|iPhone.ActiveCfg = Debug|iPhone
		{F1F1D769-C9B6-4BA6-ACE5-0DB7F3B19714}.Debug|iPhone.Build.0 = Debug|iPhone
		{F1F1D769-C9B6-4BA6-ACE5-0DB7F3B19714}.Debug|iPhone.Deploy.0 = Debug|iPhone
		{F1F1D769-C9B6-4BA6-ACE5-0DB7F3B19714}.Debug|iPhoneSimulator.ActiveCfg = Debug|iPhoneSimulator
		{F1F1D769-C9B6-4BA6-ACE5-0DB7F3B19714}.Debug|iPhoneSimulator.Build.0 = Debug|iPhoneSimulator
		{F1F1D769-C9B6-4BA6-ACE5-0DB7F3B19714}.Debug|iPhoneSimulator.Deploy.0 = Debug|iPhoneSimulator
		{F1F1D769-C9B6-4BA6-ACE5-0DB7F3B19714}.Release|Any CPU.ActiveCfg = Release|iPhone
		{F1F1D769-C9B6-4BA6-ACE5-0DB7F3B19714}.Release|Any CPU.Build.0 = Release|iPhone
		{F1F1D769-C9B6-4BA6-ACE5-0DB7F3B19714}.Release|Any CPU.Deploy.0 = Release|iPhone
		{F1F1D769-C9B6-4BA6-ACE5-0DB7F3B19714}.Release|iPhone.ActiveCfg = Release|iPhone
		{F1F1D769-C9B6-4BA6-ACE5-0DB7F3B19714}.Release|iPhone.Build.0 = Release|iPhone
		{F1F1D769-C9B6-4BA6-ACE5-0DB7F3B19714}.Release|iPhone.Deploy.0 = Release|iPhone
		{F1F1D769-C9B6-4BA6-ACE5-0DB7F3B19714}.Release|iPhoneSimulator.ActiveCfg = Release|iPhoneSimulator
		{F1F1D769-C9B6-4BA6-ACE5-0DB7F3B19714}.Release|iPhoneSimulator.Build.0 = Release|iPhoneSimulator
		{F1F1D769-C9B6-4BA6-ACE5-0DB7F3B19714}.Release|iPhoneSimulator.Deploy.0 = Release|iPhoneSimulator
		{414FE0D5-2FB0-4DD3-B211-AC5480245C63}.Ad-Hoc|Any CPU.ActiveCfg = Debug|Any CPU
		{414FE0D5-2FB0-4DD3-B211-AC5480245C63}.Ad-Hoc|Any CPU.Build.0 = Debug|Any CPU
		{414FE0D5-2FB0-4DD3-B211-AC5480245C63}.Ad-Hoc|Any CPU.Deploy.0 = Debug|Any CPU
		{414FE0D5-2FB0-4DD3-B211-AC5480245C63}.Ad-Hoc|iPhone.ActiveCfg = Debug|Any CPU
		{414FE0D5-2FB0-4DD3-B211-AC5480245C63}.Ad-Hoc|iPhone.Build.0 = Debug|Any CPU
		{414FE0D5-2FB0-4DD3-B211-AC5480245C63}.Ad-Hoc|iPhone.Deploy.0 = Debug|Any CPU
		{414FE0D5-2FB0-4DD3-B211-AC5480245C63}.Ad-Hoc|iPhoneSimulator.ActiveCfg = Debug|Any CPU
		{414FE0D5-2FB0-4DD3-B211-AC5480245C63}.Ad-Hoc|iPhoneSimulator.Build.0 = Debug|Any CPU
		{414FE0D5-2FB0-4DD3-B211-AC5480245C63}.Ad-Hoc|iPhoneSimulator.Deploy.0 = Debug|Any CPU
		{414FE0D5-2FB0-4DD3-B211-AC5480245C63}.AppStore|Any CPU.ActiveCfg = Debug|Any CPU
		{414FE0D5-2FB0-4DD3-B211-AC5480245C63}.AppStore|Any CPU.Build.0 = Debug|Any CPU
		{414FE0D5-2FB0-4DD3-B211-AC5480245C63}.AppStore|Any CPU.Deploy.0 = Debug|Any CPU
		{414FE0D5-2FB0-4DD3-B211-AC5480245C63}.AppStore|iPhone.ActiveCfg = Debug|Any CPU
		{414FE0D5-2FB0-4DD3-B211-AC5480245C63}.AppStore|iPhone.Build.0 = Debug|Any CPU
		{414FE0D5-2FB0-4DD3-B211-AC5480245C63}.AppStore|iPhone.Deploy.0 = Debug|Any CPU
		{414FE0D5-2FB0-4DD3-B211-AC5480245C63}.AppStore|iPhoneSimulator.ActiveCfg = Debug|Any CPU
		{414FE0D5-2FB0-4DD3-B211-AC5480245C63}.AppStore|iPhoneSimulator.Build.0 = Debug|Any CPU
		{414FE0D5-2FB0-4DD3-B211-AC5480245C63}.AppStore|iPhoneSimulator.Deploy.0 = Debug|Any CPU
		{414FE0D5-2FB0-4DD3-B211-AC5480245C63}.Debug|Any CPU.ActiveCfg = Debug|Any CPU
		{414FE0D5-2FB0-4DD3-B211-AC5480245C63}.Debug|Any CPU.Build.0 = Debug|Any CPU
		{414FE0D5-2FB0-4DD3-B211-AC5480245C63}.Debug|Any CPU.Deploy.0 = Debug|Any CPU
		{414FE0D5-2FB0-4DD3-B211-AC5480245C63}.Debug|iPhone.ActiveCfg = Debug|Any CPU
		{414FE0D5-2FB0-4DD3-B211-AC5480245C63}.Debug|iPhone.Build.0 = Debug|Any CPU
		{414FE0D5-2FB0-4DD3-B211-AC5480245C63}.Debug|iPhone.Deploy.0 = Debug|Any CPU
		{414FE0D5-2FB0-4DD3-B211-AC5480245C63}.Debug|iPhoneSimulator.ActiveCfg = Debug|Any CPU
		{414FE0D5-2FB0-4DD3-B211-AC5480245C63}.Debug|iPhoneSimulator.Build.0 = Debug|Any CPU
		{414FE0D5-2FB0-4DD3-B211-AC5480245C63}.Debug|iPhoneSimulator.Deploy.0 = Debug|Any CPU
		{414FE0D5-2FB0-4DD3-B211-AC5480245C63}.Release|Any CPU.ActiveCfg = Release|Any CPU
		{414FE0D5-2FB0-4DD3-B211-AC5480245C63}.Release|Any CPU.Build.0 = Release|Any CPU
		{414FE0D5-2FB0-4DD3-B211-AC5480245C63}.Release|Any CPU.Deploy.0 = Release|Any CPU
		{414FE0D5-2FB0-4DD3-B211-AC5480245C63}.Release|iPhone.ActiveCfg = Release|Any CPU
		{414FE0D5-2FB0-4DD3-B211-AC5480245C63}.Release|iPhone.Build.0 = Release|Any CPU
		{414FE0D5-2FB0-4DD3-B211-AC5480245C63}.Release|iPhone.Deploy.0 = Release|Any CPU
		{414FE0D5-2FB0-4DD3-B211-AC5480245C63}.Release|iPhoneSimulator.ActiveCfg = Release|Any CPU
		{414FE0D5-2FB0-4DD3-B211-AC5480245C63}.Release|iPhoneSimulator.Build.0 = Release|Any CPU
		{414FE0D5-2FB0-4DD3-B211-AC5480245C63}.Release|iPhoneSimulator.Deploy.0 = Release|Any CPU
		{A8D0BF76-4FC0-4D4F-AA8B-4782D23A2690}.Ad-Hoc|Any CPU.ActiveCfg = Debug|Any CPU
		{A8D0BF76-4FC0-4D4F-AA8B-4782D23A2690}.Ad-Hoc|Any CPU.Build.0 = Debug|Any CPU
		{A8D0BF76-4FC0-4D4F-AA8B-4782D23A2690}.Ad-Hoc|iPhone.ActiveCfg = Debug|Any CPU
		{A8D0BF76-4FC0-4D4F-AA8B-4782D23A2690}.Ad-Hoc|iPhone.Build.0 = Debug|Any CPU
		{A8D0BF76-4FC0-4D4F-AA8B-4782D23A2690}.Ad-Hoc|iPhoneSimulator.ActiveCfg = Debug|Any CPU
		{A8D0BF76-4FC0-4D4F-AA8B-4782D23A2690}.Ad-Hoc|iPhoneSimulator.Build.0 = Debug|Any CPU
		{A8D0BF76-4FC0-4D4F-AA8B-4782D23A2690}.AppStore|Any CPU.ActiveCfg = Debug|Any CPU
		{A8D0BF76-4FC0-4D4F-AA8B-4782D23A2690}.AppStore|Any CPU.Build.0 = Debug|Any CPU
		{A8D0BF76-4FC0-4D4F-AA8B-4782D23A2690}.AppStore|iPhone.ActiveCfg = Debug|Any CPU
		{A8D0BF76-4FC0-4D4F-AA8B-4782D23A2690}.AppStore|iPhone.Build.0 = Debug|Any CPU
		{A8D0BF76-4FC0-4D4F-AA8B-4782D23A2690}.AppStore|iPhoneSimulator.ActiveCfg = Debug|Any CPU
		{A8D0BF76-4FC0-4D4F-AA8B-4782D23A2690}.AppStore|iPhoneSimulator.Build.0 = Debug|Any CPU
		{A8D0BF76-4FC0-4D4F-AA8B-4782D23A2690}.Debug|Any CPU.ActiveCfg = Debug|Any CPU
		{A8D0BF76-4FC0-4D4F-AA8B-4782D23A2690}.Debug|Any CPU.Build.0 = Debug|Any CPU
		{A8D0BF76-4FC0-4D4F-AA8B-4782D23A2690}.Debug|iPhone.ActiveCfg = Debug|Any CPU
		{A8D0BF76-4FC0-4D4F-AA8B-4782D23A2690}.Debug|iPhone.Build.0 = Debug|Any CPU
		{A8D0BF76-4FC0-4D4F-AA8B-4782D23A2690}.Debug|iPhoneSimulator.ActiveCfg = Debug|Any CPU
		{A8D0BF76-4FC0-4D4F-AA8B-4782D23A2690}.Debug|iPhoneSimulator.Build.0 = Debug|Any CPU
		{A8D0BF76-4FC0-4D4F-AA8B-4782D23A2690}.Release|Any CPU.ActiveCfg = Release|Any CPU
		{A8D0BF76-4FC0-4D4F-AA8B-4782D23A2690}.Release|Any CPU.Build.0 = Release|Any CPU
		{A8D0BF76-4FC0-4D4F-AA8B-4782D23A2690}.Release|iPhone.ActiveCfg = Release|Any CPU
		{A8D0BF76-4FC0-4D4F-AA8B-4782D23A2690}.Release|iPhone.Build.0 = Release|Any CPU
		{A8D0BF76-4FC0-4D4F-AA8B-4782D23A2690}.Release|iPhoneSimulator.ActiveCfg = Release|Any CPU
		{A8D0BF76-4FC0-4D4F-AA8B-4782D23A2690}.Release|iPhoneSimulator.Build.0 = Release|Any CPU
		{FAA9A0D1-5422-48FA-980C-8C925BB7B4DB}.Ad-Hoc|Any CPU.ActiveCfg = Debug|Any CPU
		{FAA9A0D1-5422-48FA-980C-8C925BB7B4DB}.Ad-Hoc|Any CPU.Build.0 = Debug|Any CPU
		{FAA9A0D1-5422-48FA-980C-8C925BB7B4DB}.Ad-Hoc|iPhone.ActiveCfg = Debug|Any CPU
		{FAA9A0D1-5422-48FA-980C-8C925BB7B4DB}.Ad-Hoc|iPhone.Build.0 = Debug|Any CPU
		{FAA9A0D1-5422-48FA-980C-8C925BB7B4DB}.Ad-Hoc|iPhoneSimulator.ActiveCfg = Debug|Any CPU
		{FAA9A0D1-5422-48FA-980C-8C925BB7B4DB}.Ad-Hoc|iPhoneSimulator.Build.0 = Debug|Any CPU
		{FAA9A0D1-5422-48FA-980C-8C925BB7B4DB}.AppStore|Any CPU.ActiveCfg = Debug|Any CPU
		{FAA9A0D1-5422-48FA-980C-8C925BB7B4DB}.AppStore|Any CPU.Build.0 = Debug|Any CPU
		{FAA9A0D1-5422-48FA-980C-8C925BB7B4DB}.AppStore|iPhone.ActiveCfg = Debug|Any CPU
		{FAA9A0D1-5422-48FA-980C-8C925BB7B4DB}.AppStore|iPhone.Build.0 = Debug|Any CPU
		{FAA9A0D1-5422-48FA-980C-8C925BB7B4DB}.AppStore|iPhoneSimulator.ActiveCfg = Debug|Any CPU
		{FAA9A0D1-5422-48FA-980C-8C925BB7B4DB}.AppStore|iPhoneSimulator.Build.0 = Debug|Any CPU
		{FAA9A0D1-5422-48FA-980C-8C925BB7B4DB}.Debug|Any CPU.ActiveCfg = Debug|Any CPU
		{FAA9A0D1-5422-48FA-980C-8C925BB7B4DB}.Debug|Any CPU.Build.0 = Debug|Any CPU
		{FAA9A0D1-5422-48FA-980C-8C925BB7B4DB}.Debug|iPhone.ActiveCfg = Debug|Any CPU
		{FAA9A0D1-5422-48FA-980C-8C925BB7B4DB}.Debug|iPhone.Build.0 = Debug|Any CPU
		{FAA9A0D1-5422-48FA-980C-8C925BB7B4DB}.Debug|iPhoneSimulator.ActiveCfg = Debug|Any CPU
		{FAA9A0D1-5422-48FA-980C-8C925BB7B4DB}.Debug|iPhoneSimulator.Build.0 = Debug|Any CPU
		{FAA9A0D1-5422-48FA-980C-8C925BB7B4DB}.Release|Any CPU.ActiveCfg = Release|Any CPU
		{FAA9A0D1-5422-48FA-980C-8C925BB7B4DB}.Release|Any CPU.Build.0 = Release|Any CPU
		{FAA9A0D1-5422-48FA-980C-8C925BB7B4DB}.Release|iPhone.ActiveCfg = Release|Any CPU
		{FAA9A0D1-5422-48FA-980C-8C925BB7B4DB}.Release|iPhone.Build.0 = Release|Any CPU
		{FAA9A0D1-5422-48FA-980C-8C925BB7B4DB}.Release|iPhoneSimulator.ActiveCfg = Release|Any CPU
		{FAA9A0D1-5422-48FA-980C-8C925BB7B4DB}.Release|iPhoneSimulator.Build.0 = Release|Any CPU
		{93551311-F223-4D10-9475-4A89F69C1124}.Ad-Hoc|Any CPU.ActiveCfg = Debug|Any CPU
		{93551311-F223-4D10-9475-4A89F69C1124}.Ad-Hoc|Any CPU.Build.0 = Debug|Any CPU
		{93551311-F223-4D10-9475-4A89F69C1124}.Ad-Hoc|iPhone.ActiveCfg = Debug|Any CPU
		{93551311-F223-4D10-9475-4A89F69C1124}.Ad-Hoc|iPhone.Build.0 = Debug|Any CPU
		{93551311-F223-4D10-9475-4A89F69C1124}.Ad-Hoc|iPhoneSimulator.ActiveCfg = Debug|Any CPU
		{93551311-F223-4D10-9475-4A89F69C1124}.Ad-Hoc|iPhoneSimulator.Build.0 = Debug|Any CPU
		{93551311-F223-4D10-9475-4A89F69C1124}.AppStore|Any CPU.ActiveCfg = Debug|Any CPU
		{93551311-F223-4D10-9475-4A89F69C1124}.AppStore|Any CPU.Build.0 = Debug|Any CPU
		{93551311-F223-4D10-9475-4A89F69C1124}.AppStore|iPhone.ActiveCfg = Debug|Any CPU
		{93551311-F223-4D10-9475-4A89F69C1124}.AppStore|iPhone.Build.0 = Debug|Any CPU
		{93551311-F223-4D10-9475-4A89F69C1124}.AppStore|iPhoneSimulator.ActiveCfg = Debug|Any CPU
		{93551311-F223-4D10-9475-4A89F69C1124}.AppStore|iPhoneSimulator.Build.0 = Debug|Any CPU
		{93551311-F223-4D10-9475-4A89F69C1124}.Debug|Any CPU.ActiveCfg = Debug|Any CPU
		{93551311-F223-4D10-9475-4A89F69C1124}.Debug|Any CPU.Build.0 = Debug|Any CPU
		{93551311-F223-4D10-9475-4A89F69C1124}.Debug|iPhone.ActiveCfg = Debug|Any CPU
		{93551311-F223-4D10-9475-4A89F69C1124}.Debug|iPhone.Build.0 = Debug|Any CPU
		{93551311-F223-4D10-9475-4A89F69C1124}.Debug|iPhoneSimulator.ActiveCfg = Debug|Any CPU
		{93551311-F223-4D10-9475-4A89F69C1124}.Debug|iPhoneSimulator.Build.0 = Debug|Any CPU
		{93551311-F223-4D10-9475-4A89F69C1124}.Release|Any CPU.ActiveCfg = Release|Any CPU
		{93551311-F223-4D10-9475-4A89F69C1124}.Release|Any CPU.Build.0 = Release|Any CPU
		{93551311-F223-4D10-9475-4A89F69C1124}.Release|iPhone.ActiveCfg = Release|Any CPU
		{93551311-F223-4D10-9475-4A89F69C1124}.Release|iPhone.Build.0 = Release|Any CPU
		{93551311-F223-4D10-9475-4A89F69C1124}.Release|iPhoneSimulator.ActiveCfg = Release|Any CPU
		{93551311-F223-4D10-9475-4A89F69C1124}.Release|iPhoneSimulator.Build.0 = Release|Any CPU
		{82120B1A-82B4-4CE1-B894-27CDBBBA96FF}.Ad-Hoc|Any CPU.ActiveCfg = Debug|Any CPU
		{82120B1A-82B4-4CE1-B894-27CDBBBA96FF}.Ad-Hoc|Any CPU.Build.0 = Debug|Any CPU
		{82120B1A-82B4-4CE1-B894-27CDBBBA96FF}.Ad-Hoc|iPhone.ActiveCfg = Debug|Any CPU
		{82120B1A-82B4-4CE1-B894-27CDBBBA96FF}.Ad-Hoc|iPhone.Build.0 = Debug|Any CPU
		{82120B1A-82B4-4CE1-B894-27CDBBBA96FF}.Ad-Hoc|iPhoneSimulator.ActiveCfg = Debug|Any CPU
		{82120B1A-82B4-4CE1-B894-27CDBBBA96FF}.Ad-Hoc|iPhoneSimulator.Build.0 = Debug|Any CPU
		{82120B1A-82B4-4CE1-B894-27CDBBBA96FF}.AppStore|Any CPU.ActiveCfg = Debug|Any CPU
		{82120B1A-82B4-4CE1-B894-27CDBBBA96FF}.AppStore|Any CPU.Build.0 = Debug|Any CPU
		{82120B1A-82B4-4CE1-B894-27CDBBBA96FF}.AppStore|iPhone.ActiveCfg = Debug|Any CPU
		{82120B1A-82B4-4CE1-B894-27CDBBBA96FF}.AppStore|iPhone.Build.0 = Debug|Any CPU
		{82120B1A-82B4-4CE1-B894-27CDBBBA96FF}.AppStore|iPhoneSimulator.ActiveCfg = Debug|Any CPU
		{82120B1A-82B4-4CE1-B894-27CDBBBA96FF}.AppStore|iPhoneSimulator.Build.0 = Debug|Any CPU
		{82120B1A-82B4-4CE1-B894-27CDBBBA96FF}.Debug|Any CPU.ActiveCfg = Debug|Any CPU
		{82120B1A-82B4-4CE1-B894-27CDBBBA96FF}.Debug|Any CPU.Build.0 = Debug|Any CPU
		{82120B1A-82B4-4CE1-B894-27CDBBBA96FF}.Debug|iPhone.ActiveCfg = Debug|Any CPU
		{82120B1A-82B4-4CE1-B894-27CDBBBA96FF}.Debug|iPhone.Build.0 = Debug|Any CPU
		{82120B1A-82B4-4CE1-B894-27CDBBBA96FF}.Debug|iPhoneSimulator.ActiveCfg = Debug|Any CPU
		{82120B1A-82B4-4CE1-B894-27CDBBBA96FF}.Debug|iPhoneSimulator.Build.0 = Debug|Any CPU
		{82120B1A-82B4-4CE1-B894-27CDBBBA96FF}.Release|Any CPU.ActiveCfg = Release|Any CPU
		{82120B1A-82B4-4CE1-B894-27CDBBBA96FF}.Release|Any CPU.Build.0 = Release|Any CPU
		{82120B1A-82B4-4CE1-B894-27CDBBBA96FF}.Release|iPhone.ActiveCfg = Release|Any CPU
		{82120B1A-82B4-4CE1-B894-27CDBBBA96FF}.Release|iPhone.Build.0 = Release|Any CPU
		{82120B1A-82B4-4CE1-B894-27CDBBBA96FF}.Release|iPhoneSimulator.ActiveCfg = Release|Any CPU
		{82120B1A-82B4-4CE1-B894-27CDBBBA96FF}.Release|iPhoneSimulator.Build.0 = Release|Any CPU
		{60BBFFA2-C002-4C78-A105-76D0E8A5ECA5}.Ad-Hoc|Any CPU.ActiveCfg = Release|Any CPU
		{60BBFFA2-C002-4C78-A105-76D0E8A5ECA5}.Ad-Hoc|Any CPU.Build.0 = Release|Any CPU
		{60BBFFA2-C002-4C78-A105-76D0E8A5ECA5}.Ad-Hoc|iPhone.ActiveCfg = Release|Any CPU
		{60BBFFA2-C002-4C78-A105-76D0E8A5ECA5}.Ad-Hoc|iPhone.Build.0 = Release|Any CPU
		{60BBFFA2-C002-4C78-A105-76D0E8A5ECA5}.Ad-Hoc|iPhoneSimulator.ActiveCfg = Release|Any CPU
		{60BBFFA2-C002-4C78-A105-76D0E8A5ECA5}.Ad-Hoc|iPhoneSimulator.Build.0 = Release|Any CPU
		{60BBFFA2-C002-4C78-A105-76D0E8A5ECA5}.AppStore|Any CPU.ActiveCfg = Release|Any CPU
		{60BBFFA2-C002-4C78-A105-76D0E8A5ECA5}.AppStore|Any CPU.Build.0 = Release|Any CPU
		{60BBFFA2-C002-4C78-A105-76D0E8A5ECA5}.AppStore|iPhone.ActiveCfg = Release|Any CPU
		{60BBFFA2-C002-4C78-A105-76D0E8A5ECA5}.AppStore|iPhone.Build.0 = Release|Any CPU
		{60BBFFA2-C002-4C78-A105-76D0E8A5ECA5}.AppStore|iPhoneSimulator.ActiveCfg = Release|Any CPU
		{60BBFFA2-C002-4C78-A105-76D0E8A5ECA5}.AppStore|iPhoneSimulator.Build.0 = Release|Any CPU
		{60BBFFA2-C002-4C78-A105-76D0E8A5ECA5}.Debug|Any CPU.ActiveCfg = Debug|Any CPU
		{60BBFFA2-C002-4C78-A105-76D0E8A5ECA5}.Debug|Any CPU.Build.0 = Debug|Any CPU
		{60BBFFA2-C002-4C78-A105-76D0E8A5ECA5}.Debug|iPhone.ActiveCfg = Debug|Any CPU
		{60BBFFA2-C002-4C78-A105-76D0E8A5ECA5}.Debug|iPhone.Build.0 = Debug|Any CPU
		{60BBFFA2-C002-4C78-A105-76D0E8A5ECA5}.Debug|iPhoneSimulator.ActiveCfg = Debug|Any CPU
		{60BBFFA2-C002-4C78-A105-76D0E8A5ECA5}.Debug|iPhoneSimulator.Build.0 = Debug|Any CPU
		{60BBFFA2-C002-4C78-A105-76D0E8A5ECA5}.Release|Any CPU.ActiveCfg = Release|Any CPU
		{60BBFFA2-C002-4C78-A105-76D0E8A5ECA5}.Release|Any CPU.Build.0 = Release|Any CPU
		{60BBFFA2-C002-4C78-A105-76D0E8A5ECA5}.Release|iPhone.ActiveCfg = Release|Any CPU
		{60BBFFA2-C002-4C78-A105-76D0E8A5ECA5}.Release|iPhone.Build.0 = Release|Any CPU
		{60BBFFA2-C002-4C78-A105-76D0E8A5ECA5}.Release|iPhoneSimulator.ActiveCfg = Release|Any CPU
		{60BBFFA2-C002-4C78-A105-76D0E8A5ECA5}.Release|iPhoneSimulator.Build.0 = Release|Any CPU
	EndGlobalSection
	GlobalSection(SolutionProperties) = preSolution
		HideSolutionNode = FALSE
	EndGlobalSection
	GlobalSection(NestedProjects) = preSolution
		{7323DDA1-16D0-4615-A9E8-1CAA4DE99C35} = {4B458F01-7A32-4A2A-B932-8AA0796DC282}
		{F1F1D769-C9B6-4BA6-ACE5-0DB7F3B19714} = {4B458F01-7A32-4A2A-B932-8AA0796DC282}
		{414FE0D5-2FB0-4DD3-B211-AC5480245C63} = {4B458F01-7A32-4A2A-B932-8AA0796DC282}
		{A8D0BF76-4FC0-4D4F-AA8B-4782D23A2690} = {4B458F01-7A32-4A2A-B932-8AA0796DC282}
		{FAA9A0D1-5422-48FA-980C-8C925BB7B4DB} = {4B458F01-7A32-4A2A-B932-8AA0796DC282}
		{93551311-F223-4D10-9475-4A89F69C1124} = {4B458F01-7A32-4A2A-B932-8AA0796DC282}
		{82120B1A-82B4-4CE1-B894-27CDBBBA96FF} = {4B458F01-7A32-4A2A-B932-8AA0796DC282}
		{60BBFFA2-C002-4C78-A105-76D0E8A5ECA5} = {A37E1960-0C26-4A0A-89DD-ED3A35EEBBFA}
	EndGlobalSection
	GlobalSection(ExtensibilityGlobals) = postSolution
		SolutionGuid = {1A969AF2-6835-4857-AD81-DAC547FCDD7E}
	EndGlobalSection
EndGlobal
